
Microsoft Visual Studio Solution File, Format Version 12.00
# Visual Studio Version 17
VisualStudioVersion = 17.4.33122.133
MinimumVisualStudioVersion = 10.0.40219.1
Project("{FAE04EC0-301F-11D3-BF4B-00C04F79EFBC}") = "StrategyPattern", "StrategyPattern\StrategyPattern.csproj", "{2C43F562-EC7C-42C9-B0F4-CA37DC11E93A}"
EndProject
Global
	GlobalSection(SolutionConfigurationPlatforms) = preSolution
		Debug|Any CPU = Debug|Any CPU
		Release|Any CPU = Release|Any CPU
	EndGlobalSection
	GlobalSection(ProjectConfigurationPlatforms) = postSolution
		{2C43F562-EC7C-42C9-B0F4-CA37DC11E93A}.Debug|Any CPU.ActiveCfg = Debug|Any CPU
		{2C43F562-EC7C-42C9-B0F4-CA37DC11E93A}.Debug|Any CPU.Build.0 = Debug|Any CPU
		{2C43F562-EC7C-42C9-B0F4-CA37DC11E93A}.Release|Any CPU.ActiveCfg = Release|Any CPU
		{2C43F562-EC7C-42C9-B0F4-CA37DC11E93A}.Release|Any CPU.Build.0 = Release|Any CPU
	EndGlobalSection
	GlobalSection(SolutionProperties) = preSolution
		HideSolutionNode = FALSE
	EndGlobalSection
	GlobalSection(ExtensibilityGlobals) = postSolution
		SolutionGuid = {DE3AB6A2-DC9F-4E6D-BF4A-06E6F5ED50B6}
	EndGlobalSection
EndGlobal
